
Microsoft Visual Studio Solution File, Format Version 12.00
# Visual Studio Version 17
VisualStudioVersion = 17.2.32616.157
MinimumVisualStudioVersion = 10.0.40219.1
Project("{FAE04EC0-301F-11D3-BF4B-00C04F79EFBC}") = "DoctorWho", "DoctorWho.csproj", "{BC579E71-FB7C-46A9-A323-B1FD9DF3F44D}"
EndProject
Project("{FAE04EC0-301F-11D3-BF4B-00C04F79EFBC}") = "DoctorWho.Db", "..\DoctorWho.Db\DoctorWho.Db.csproj", "{40624F00-3C0F-4463-B919-E7A7A53CD38D}"
EndProject
Global
	GlobalSection(SolutionConfigurationPlatforms) = preSolution
		Debug|Any CPU = Debug|Any CPU
		Release|Any CPU = Release|Any CPU
	EndGlobalSection
	GlobalSection(ProjectConfigurationPlatforms) = postSolution
		{BC579E71-FB7C-46A9-A323-B1FD9DF3F44D}.Debug|Any CPU.ActiveCfg = Debug|Any CPU
		{BC579E71-FB7C-46A9-A323-B1FD9DF3F44D}.Debug|Any CPU.Build.0 = Debug|Any CPU
		{BC579E71-FB7C-46A9-A323-B1FD9DF3F44D}.Release|Any CPU.ActiveCfg = Release|Any CPU
		{BC579E71-FB7C-46A9-A323-B1FD9DF3F44D}.Release|Any CPU.Build.0 = Release|Any CPU
		{40624F00-3C0F-4463-B919-E7A7A53CD38D}.Debug|Any CPU.ActiveCfg = Debug|Any CPU
		{40624F00-3C0F-4463-B919-E7A7A53CD38D}.Debug|Any CPU.Build.0 = Debug|Any CPU
		{40624F00-3C0F-4463-B919-E7A7A53CD38D}.Release|Any CPU.ActiveCfg = Release|Any CPU
		{40624F00-3C0F-4463-B919-E7A7A53CD38D}.Release|Any CPU.Build.0 = Release|Any CPU
	EndGlobalSection
	GlobalSection(SolutionProperties) = preSolution
		HideSolutionNode = FALSE
	EndGlobalSection
	GlobalSection(ExtensibilityGlobals) = postSolution
		SolutionGuid = {DDD72B7C-B390-48D0-8D8C-AA97EA31160B}
	EndGlobalSection
EndGlobal
