
Microsoft Visual Studio Solution File, Format Version 12.00
# Visual Studio Version 17
VisualStudioVersion = 17.2.32616.157
MinimumVisualStudioVersion = 10.0.40219.1
Project("{9A19103F-16F7-4668-BE54-9A1E7A4F7556}") = "DoctorWho", "DoctorWho.csproj", "{BC579E71-FB7C-46A9-A323-B1FD9DF3F44D}"
EndProject
Project("{9A19103F-16F7-4668-BE54-9A1E7A4F7556}") = "DoctrWho.Db", "..\..\DoctorWh_o\DoctrWho.Db\DoctrWho.Db.csproj", "{95C1B7EA-D333-4EFA-A397-B2830C67CB94}"
EndProject
Global
	GlobalSection(SolutionConfigurationPlatforms) = preSolution
		Debug|Any CPU = Debug|Any CPU
		Release|Any CPU = Release|Any CPU
	EndGlobalSection
	GlobalSection(ProjectConfigurationPlatforms) = postSolution
		{BC579E71-FB7C-46A9-A323-B1FD9DF3F44D}.Debug|Any CPU.ActiveCfg = Debug|Any CPU
		{BC579E71-FB7C-46A9-A323-B1FD9DF3F44D}.Debug|Any CPU.Build.0 = Debug|Any CPU
		{BC579E71-FB7C-46A9-A323-B1FD9DF3F44D}.Release|Any CPU.ActiveCfg = Release|Any CPU
		{BC579E71-FB7C-46A9-A323-B1FD9DF3F44D}.Release|Any CPU.Build.0 = Release|Any CPU
		{95C1B7EA-D333-4EFA-A397-B2830C67CB94}.Debug|Any CPU.ActiveCfg = Debug|Any CPU
		{95C1B7EA-D333-4EFA-A397-B2830C67CB94}.Debug|Any CPU.Build.0 = Debug|Any CPU
		{95C1B7EA-D333-4EFA-A397-B2830C67CB94}.Release|Any CPU.ActiveCfg = Release|Any CPU
		{95C1B7EA-D333-4EFA-A397-B2830C67CB94}.Release|Any CPU.Build.0 = Release|Any CPU
	EndGlobalSection
	GlobalSection(SolutionProperties) = preSolution
		HideSolutionNode = FALSE
	EndGlobalSection
	GlobalSection(ExtensibilityGlobals) = postSolution
		SolutionGuid = {DDD72B7C-B390-48D0-8D8C-AA97EA31160B}
	EndGlobalSection
EndGlobal
